// !$*UTF8*$!
{
	archiveVersion = 1;
	classes = {
	};
	objectVersion = 56;
	objects = {

/* Begin PBXBuildFile section */
		3548A4CB2A54C16F00AFD8C7 /* GalleryViewModel.swift in Sources */ = {isa = PBXBuildFile; fileRef = 3548A4BA2A54C16F00AFD8C7 /* GalleryViewModel.swift */; };
		3548A4CC2A54C16F00AFD8C7 /* UploadViewModel.swift in Sources */ = {isa = PBXBuildFile; fileRef = 3548A4BB2A54C16F00AFD8C7 /* UploadViewModel.swift */; };
		3548A4CD2A54C16F00AFD8C7 /* DetailViewModel.swift in Sources */ = {isa = PBXBuildFile; fileRef = 3548A4BC2A54C16F00AFD8C7 /* DetailViewModel.swift */; };
		3548A4CE2A54C16F00AFD8C7 /* Assets.xcassets in Resources */ = {isa = PBXBuildFile; fileRef = 3548A4BD2A54C16F00AFD8C7 /* Assets.xcassets */; };
		3548A4CF2A54C16F00AFD8C7 /* Artwork.swift in Sources */ = {isa = PBXBuildFile; fileRef = 3548A4BF2A54C16F00AFD8C7 /* Artwork.swift */; };
		3548A4D02A54C16F00AFD8C7 /* ErrorAlert.swift in Sources */ = {isa = PBXBuildFile; fileRef = 3548A4C02A54C16F00AFD8C7 /* ErrorAlert.swift */; };
		3548A4D12A54C16F00AFD8C7 /* Endpoint.swift in Sources */ = {isa = PBXBuildFile; fileRef = 3548A4C12A54C16F00AFD8C7 /* Endpoint.swift */; };
		3548A4D22A54C16F00AFD8C7 /* Preview Assets.xcassets in Resources */ = {isa = PBXBuildFile; fileRef = 3548A4C32A54C16F00AFD8C7 /* Preview Assets.xcassets */; };
		3548A4D32A54C16F00AFD8C7 /* InkartaApp.swift in Sources */ = {isa = PBXBuildFile; fileRef = 3548A4C42A54C16F00AFD8C7 /* InkartaApp.swift */; };
		3548A4D42A54C16F00AFD8C7 /* Utils.swift in Sources */ = {isa = PBXBuildFile; fileRef = 3548A4C52A54C16F00AFD8C7 /* Utils.swift */; };
		3548A4D52A54C16F00AFD8C7 /* DetailView.swift in Sources */ = {isa = PBXBuildFile; fileRef = 3548A4C72A54C16F00AFD8C7 /* DetailView.swift */; };
		3548A4D62A54C16F00AFD8C7 /* UploadView.swift in Sources */ = {isa = PBXBuildFile; fileRef = 3548A4C82A54C16F00AFD8C7 /* UploadView.swift */; };
		3548A4D72A54C16F00AFD8C7 /* GalleryView.swift in Sources */ = {isa = PBXBuildFile; fileRef = 3548A4C92A54C16F00AFD8C7 /* GalleryView.swift */; };
/* End PBXBuildFile section */

/* Begin PBXFileReference section */
		3548A4BA2A54C16F00AFD8C7 /* GalleryViewModel.swift */ = {isa = PBXFileReference; fileEncoding = 4; lastKnownFileType = sourcecode.swift; path = GalleryViewModel.swift; sourceTree = "<group>"; };
		3548A4BB2A54C16F00AFD8C7 /* UploadViewModel.swift */ = {isa = PBXFileReference; fileEncoding = 4; lastKnownFileType = sourcecode.swift; path = UploadViewModel.swift; sourceTree = "<group>"; };
		3548A4BC2A54C16F00AFD8C7 /* DetailViewModel.swift */ = {isa = PBXFileReference; fileEncoding = 4; lastKnownFileType = sourcecode.swift; path = DetailViewModel.swift; sourceTree = "<group>"; };
		3548A4BD2A54C16F00AFD8C7 /* Assets.xcassets */ = {isa = PBXFileReference; lastKnownFileType = folder.assetcatalog; path = Assets.xcassets; sourceTree = "<group>"; };
		3548A4BF2A54C16F00AFD8C7 /* Artwork.swift */ = {isa = PBXFileReference; fileEncoding = 4; lastKnownFileType = sourcecode.swift; path = Artwork.swift; sourceTree = "<group>"; };
		3548A4C02A54C16F00AFD8C7 /* ErrorAlert.swift */ = {isa = PBXFileReference; fileEncoding = 4; lastKnownFileType = sourcecode.swift; path = ErrorAlert.swift; sourceTree = "<group>"; };
		3548A4C12A54C16F00AFD8C7 /* Endpoint.swift */ = {isa = PBXFileReference; fileEncoding = 4; lastKnownFileType = sourcecode.swift; path = Endpoint.swift; sourceTree = "<group>"; };
		3548A4C32A54C16F00AFD8C7 /* Preview Assets.xcassets */ = {isa = PBXFileReference; lastKnownFileType = folder.assetcatalog; path = "Preview Assets.xcassets"; sourceTree = "<group>"; };
		3548A4C42A54C16F00AFD8C7 /* InkartaApp.swift */ = {isa = PBXFileReference; fileEncoding = 4; lastKnownFileType = sourcecode.swift; path = InkartaApp.swift; sourceTree = "<group>"; };
		3548A4C52A54C16F00AFD8C7 /* Utils.swift */ = {isa = PBXFileReference; fileEncoding = 4; lastKnownFileType = sourcecode.swift; path = Utils.swift; sourceTree = "<group>"; };
		3548A4C72A54C16F00AFD8C7 /* DetailView.swift */ = {isa = PBXFileReference; fileEncoding = 4; lastKnownFileType = sourcecode.swift; path = DetailView.swift; sourceTree = "<group>"; };
		3548A4C82A54C16F00AFD8C7 /* UploadView.swift */ = {isa = PBXFileReference; fileEncoding = 4; lastKnownFileType = sourcecode.swift; path = UploadView.swift; sourceTree = "<group>"; };
		3548A4C92A54C16F00AFD8C7 /* GalleryView.swift */ = {isa = PBXFileReference; fileEncoding = 4; lastKnownFileType = sourcecode.swift; path = GalleryView.swift; sourceTree = "<group>"; };
		3548A4CA2A54C16F00AFD8C7 /* Info.plist */ = {isa = PBXFileReference; fileEncoding = 4; lastKnownFileType = text.plist.xml; path = Info.plist; sourceTree = "<group>"; };
		35A1645B29CAC0A400FD2680 /* Inkarta.app */ = {isa = PBXFileReference; explicitFileType = wrapper.application; includeInIndex = 0; path = Inkarta.app; sourceTree = BUILT_PRODUCTS_DIR; };
/* End PBXFileReference section */

/* Begin PBXFrameworksBuildPhase section */
		35A1645829CAC0A400FD2680 /* Frameworks */ = {
			isa = PBXFrameworksBuildPhase;
			buildActionMask = 2147483647;
			files = (
			);
			runOnlyForDeploymentPostprocessing = 0;
		};
/* End PBXFrameworksBuildPhase section */

/* Begin PBXGroup section */
		3548A4B82A54C16F00AFD8C7 /* Inkarta */ = {
			isa = PBXGroup;
			children = (
				3548A4B92A54C16F00AFD8C7 /* View Models */,
				3548A4BD2A54C16F00AFD8C7 /* Assets.xcassets */,
				3548A4BE2A54C16F00AFD8C7 /* Models */,
				3548A4C22A54C16F00AFD8C7 /* Preview Content */,
				3548A4C42A54C16F00AFD8C7 /* InkartaApp.swift */,
				3548A4C52A54C16F00AFD8C7 /* Utils.swift */,
				3548A4C62A54C16F00AFD8C7 /* Views */,
				3548A4CA2A54C16F00AFD8C7 /* Info.plist */,
			);
			path = Inkarta;
			sourceTree = "<group>";
		};
		3548A4B92A54C16F00AFD8C7 /* View Models */ = {
			isa = PBXGroup;
			children = (
				3548A4BA2A54C16F00AFD8C7 /* GalleryViewModel.swift */,
				3548A4BB2A54C16F00AFD8C7 /* UploadViewModel.swift */,
				3548A4BC2A54C16F00AFD8C7 /* DetailViewModel.swift */,
			);
			path = "View Models";
			sourceTree = "<group>";
		};
		3548A4BE2A54C16F00AFD8C7 /* Models */ = {
			isa = PBXGroup;
			children = (
				3548A4BF2A54C16F00AFD8C7 /* Artwork.swift */,
				3548A4C02A54C16F00AFD8C7 /* ErrorAlert.swift */,
				3548A4C12A54C16F00AFD8C7 /* Endpoint.swift */,
			);
			path = Models;
			sourceTree = "<group>";
		};
		3548A4C22A54C16F00AFD8C7 /* Preview Content */ = {
			isa = PBXGroup;
			children = (
				3548A4C32A54C16F00AFD8C7 /* Preview Assets.xcassets */,
			);
			path = "Preview Content";
			sourceTree = "<group>";
		};
		3548A4C62A54C16F00AFD8C7 /* Views */ = {
			isa = PBXGroup;
			children = (
				3548A4C72A54C16F00AFD8C7 /* DetailView.swift */,
				3548A4C82A54C16F00AFD8C7 /* UploadView.swift */,
				3548A4C92A54C16F00AFD8C7 /* GalleryView.swift */,
			);
			path = Views;
			sourceTree = "<group>";
		};
		35A1645229CAC0A400FD2680 = {
			isa = PBXGroup;
			children = (
				3548A4B82A54C16F00AFD8C7 /* Inkarta */,
				35A1645C29CAC0A400FD2680 /* Products */,
			);
			sourceTree = "<group>";
		};
		35A1645C29CAC0A400FD2680 /* Products */ = {
			isa = PBXGroup;
			children = (
				35A1645B29CAC0A400FD2680 /* Inkarta.app */,
			);
			name = Products;
			sourceTree = "<group>";
		};
/* End PBXGroup section */

/* Begin PBXNativeTarget section */
		35A1645A29CAC0A400FD2680 /* Inkarta */ = {
			isa = PBXNativeTarget;
			buildConfigurationList = 35A1646929CAC0A500FD2680 /* Build configuration list for PBXNativeTarget "Inkarta" */;
			buildPhases = (
				35A1645729CAC0A400FD2680 /* Sources */,
				35A1645829CAC0A400FD2680 /* Frameworks */,
				35A1645929CAC0A400FD2680 /* Resources */,
			);
			buildRules = (
			);
			dependencies = (
			);
			name = Inkarta;
			productName = Picosso;
			productReference = 35A1645B29CAC0A400FD2680 /* Inkarta.app */;
			productType = "com.apple.product-type.application";
		};
/* End PBXNativeTarget section */

/* Begin PBXProject section */
		35A1645329CAC0A400FD2680 /* Project object */ = {
			isa = PBXProject;
			attributes = {
				BuildIndependentTargetsInParallel = 1;
				LastSwiftUpdateCheck = 1420;
				LastUpgradeCheck = 1420;
				TargetAttributes = {
					35A1645A29CAC0A400FD2680 = {
						CreatedOnToolsVersion = 14.2;
					};
				};
			};
			buildConfigurationList = 35A1645629CAC0A400FD2680 /* Build configuration list for PBXProject "Inkarta" */;
			compatibilityVersion = "Xcode 14.0";
			developmentRegion = en;
			hasScannedForEncodings = 0;
			knownRegions = (
				en,
				Base,
			);
			mainGroup = 35A1645229CAC0A400FD2680;
			productRefGroup = 35A1645C29CAC0A400FD2680 /* Products */;
			projectDirPath = "";
			projectRoot = "";
			targets = (
				35A1645A29CAC0A400FD2680 /* Inkarta */,
			);
		};
/* End PBXProject section */

/* Begin PBXResourcesBuildPhase section */
		35A1645929CAC0A400FD2680 /* Resources */ = {
			isa = PBXResourcesBuildPhase;
			buildActionMask = 2147483647;
			files = (
				3548A4D22A54C16F00AFD8C7 /* Preview Assets.xcassets in Resources */,
				3548A4CE2A54C16F00AFD8C7 /* Assets.xcassets in Resources */,
			);
			runOnlyForDeploymentPostprocessing = 0;
		};
/* End PBXResourcesBuildPhase section */

/* Begin PBXSourcesBuildPhase section */
		35A1645729CAC0A400FD2680 /* Sources */ = {
			isa = PBXSourcesBuildPhase;
			buildActionMask = 2147483647;
			files = (
				3548A4CB2A54C16F00AFD8C7 /* GalleryViewModel.swift in Sources */,
				3548A4D62A54C16F00AFD8C7 /* UploadView.swift in Sources */,
				3548A4D52A54C16F00AFD8C7 /* DetailView.swift in Sources */,
				3548A4D02A54C16F00AFD8C7 /* ErrorAlert.swift in Sources */,
				3548A4CD2A54C16F00AFD8C7 /* DetailViewModel.swift in Sources */,
				3548A4CF2A54C16F00AFD8C7 /* Artwork.swift in Sources */,
				3548A4D32A54C16F00AFD8C7 /* InkartaApp.swift in Sources */,
				3548A4D12A54C16F00AFD8C7 /* Endpoint.swift in Sources */,
				3548A4D72A54C16F00AFD8C7 /* GalleryView.swift in Sources */,
				3548A4CC2A54C16F00AFD8C7 /* UploadViewModel.swift in Sources */,
				3548A4D42A54C16F00AFD8C7 /* Utils.swift in Sources */,
			);
			runOnlyForDeploymentPostprocessing = 0;
		};
/* End PBXSourcesBuildPhase section */

/* Begin XCBuildConfiguration section */
		35A1646729CAC0A500FD2680 /* Debug */ = {
			isa = XCBuildConfiguration;
			buildSettings = {
				ALWAYS_SEARCH_USER_PATHS = NO;
				CLANG_ANALYZER_NONNULL = YES;
				CLANG_ANALYZER_NUMBER_OBJECT_CONVERSION = YES_AGGRESSIVE;
				CLANG_CXX_LANGUAGE_STANDARD = "gnu++20";
				CLANG_ENABLE_MODULES = YES;
				CLANG_ENABLE_OBJC_ARC = YES;
				CLANG_ENABLE_OBJC_WEAK = YES;
				CLANG_WARN_BLOCK_CAPTURE_AUTORELEASING = YES;
				CLANG_WARN_BOOL_CONVERSION = YES;
				CLANG_WARN_COMMA = YES;
				CLANG_WARN_CONSTANT_CONVERSION = YES;
				CLANG_WARN_DEPRECATED_OBJC_IMPLEMENTATIONS = YES;
				CLANG_WARN_DIRECT_OBJC_ISA_USAGE = YES_ERROR;
				CLANG_WARN_DOCUMENTATION_COMMENTS = YES;
				CLANG_WARN_EMPTY_BODY = YES;
				CLANG_WARN_ENUM_CONVERSION = YES;
				CLANG_WARN_INFINITE_RECURSION = YES;
				CLANG_WARN_INT_CONVERSION = YES;
				CLANG_WARN_NON_LITERAL_NULL_CONVERSION = YES;
				CLANG_WARN_OBJC_IMPLICIT_RETAIN_SELF = YES;
				CLANG_WARN_OBJC_LITERAL_CONVERSION = YES;
				CLANG_WARN_OBJC_ROOT_CLASS = YES_ERROR;
				CLANG_WARN_QUOTED_INCLUDE_IN_FRAMEWORK_HEADER = YES;
				CLANG_WARN_RANGE_LOOP_ANALYSIS = YES;
				CLANG_WARN_STRICT_PROTOTYPES = YES;
				CLANG_WARN_SUSPICIOUS_MOVE = YES;
				CLANG_WARN_UNGUARDED_AVAILABILITY = YES_AGGRESSIVE;
				CLANG_WARN_UNREACHABLE_CODE = YES;
				CLANG_WARN__DUPLICATE_METHOD_MATCH = YES;
				COPY_PHASE_STRIP = NO;
				DEBUG_INFORMATION_FORMAT = dwarf;
				ENABLE_STRICT_OBJC_MSGSEND = YES;
				ENABLE_TESTABILITY = YES;
				GCC_C_LANGUAGE_STANDARD = gnu11;
				GCC_DYNAMIC_NO_PIC = NO;
				GCC_NO_COMMON_BLOCKS = YES;
				GCC_OPTIMIZATION_LEVEL = 0;
				GCC_PREPROCESSOR_DEFINITIONS = (
					"DEBUG=1",
					"$(inherited)",
				);
				GCC_WARN_64_TO_32_BIT_CONVERSION = YES;
				GCC_WARN_ABOUT_RETURN_TYPE = YES_ERROR;
				GCC_WARN_UNDECLARED_SELECTOR = YES;
				GCC_WARN_UNINITIALIZED_AUTOS = YES_AGGRESSIVE;
				GCC_WARN_UNUSED_FUNCTION = YES;
				GCC_WARN_UNUSED_VARIABLE = YES;
				IPHONEOS_DEPLOYMENT_TARGET = 16.0;
				MTL_ENABLE_DEBUG_INFO = INCLUDE_SOURCE;
				MTL_FAST_MATH = YES;
				ONLY_ACTIVE_ARCH = YES;
				SDKROOT = iphoneos;
				SWIFT_ACTIVE_COMPILATION_CONDITIONS = DEBUG;
				SWIFT_OPTIMIZATION_LEVEL = "-Onone";
			};
			name = Debug;
		};
		35A1646829CAC0A500FD2680 /* Release */ = {
			isa = XCBuildConfiguration;
			buildSettings = {
				ALWAYS_SEARCH_USER_PATHS = NO;
				CLANG_ANALYZER_NONNULL = YES;
				CLANG_ANALYZER_NUMBER_OBJECT_CONVERSION = YES_AGGRESSIVE;
				CLANG_CXX_LANGUAGE_STANDARD = "gnu++20";
				CLANG_ENABLE_MODULES = YES;
				CLANG_ENABLE_OBJC_ARC = YES;
				CLANG_ENABLE_OBJC_WEAK = YES;
				CLANG_WARN_BLOCK_CAPTURE_AUTORELEASING = YES;
				CLANG_WARN_BOOL_CONVERSION = YES;
				CLANG_WARN_COMMA = YES;
				CLANG_WARN_CONSTANT_CONVERSION = YES;
				CLANG_WARN_DEPRECATED_OBJC_IMPLEMENTATIONS = YES;
				CLANG_WARN_DIRECT_OBJC_ISA_USAGE = YES_ERROR;
				CLANG_WARN_DOCUMENTATION_COMMENTS = YES;
				CLANG_WARN_EMPTY_BODY = YES;
				CLANG_WARN_ENUM_CONVERSION = YES;
				CLANG_WARN_INFINITE_RECURSION = YES;
				CLANG_WARN_INT_CONVERSION = YES;
				CLANG_WARN_NON_LITERAL_NULL_CONVERSION = YES;
				CLANG_WARN_OBJC_IMPLICIT_RETAIN_SELF = YES;
				CLANG_WARN_OBJC_LITERAL_CONVERSION = YES;
				CLANG_WARN_OBJC_ROOT_CLASS = YES_ERROR;
				CLANG_WARN_QUOTED_INCLUDE_IN_FRAMEWORK_HEADER = YES;
				CLANG_WARN_RANGE_LOOP_ANALYSIS = YES;
				CLANG_WARN_STRICT_PROTOTYPES = YES;
				CLANG_WARN_SUSPICIOUS_MOVE = YES;
				CLANG_WARN_UNGUARDED_AVAILABILITY = YES_AGGRESSIVE;
				CLANG_WARN_UNREACHABLE_CODE = YES;
				CLANG_WARN__DUPLICATE_METHOD_MATCH = YES;
				COPY_PHASE_STRIP = NO;
				DEBUG_INFORMATION_FORMAT = "dwarf-with-dsym";
				ENABLE_NS_ASSERTIONS = NO;
				ENABLE_STRICT_OBJC_MSGSEND = YES;
				GCC_C_LANGUAGE_STANDARD = gnu11;
				GCC_NO_COMMON_BLOCKS = YES;
				GCC_WARN_64_TO_32_BIT_CONVERSION = YES;
				GCC_WARN_ABOUT_RETURN_TYPE = YES_ERROR;
				GCC_WARN_UNDECLARED_SELECTOR = YES;
				GCC_WARN_UNINITIALIZED_AUTOS = YES_AGGRESSIVE;
				GCC_WARN_UNUSED_FUNCTION = YES;
				GCC_WARN_UNUSED_VARIABLE = YES;
				IPHONEOS_DEPLOYMENT_TARGET = 16.0;
				MTL_ENABLE_DEBUG_INFO = NO;
				MTL_FAST_MATH = YES;
				SDKROOT = iphoneos;
				SWIFT_COMPILATION_MODE = wholemodule;
				SWIFT_OPTIMIZATION_LEVEL = "-O";
				VALIDATE_PRODUCT = YES;
			};
			name = Release;
		};
		35A1646A29CAC0A500FD2680 /* Debug */ = {
			isa = XCBuildConfiguration;
			buildSettings = {
				ASSETCATALOG_COMPILER_APPICON_NAME = AppIcon;
				ASSETCATALOG_COMPILER_GLOBAL_ACCENT_COLOR_NAME = AccentColor;
				CODE_SIGN_STYLE = Automatic;
				CURRENT_PROJECT_VERSION = 1;
				DEVELOPMENT_ASSET_PATHS = "\"Inkarta/Preview Content\"";
				DEVELOPMENT_TEAM = XXYXWGAW9Y;
				ENABLE_PREVIEWS = YES;
				GENERATE_INFOPLIST_FILE = YES;
				INFOPLIST_FILE = Inkarta/Info.plist;
				INFOPLIST_KEY_UIApplicationSupportsIndirectInputEvents = YES;
				INFOPLIST_KEY_UILaunchScreen_Generation = YES;
				INFOPLIST_KEY_UISupportedInterfaceOrientations_iPad = "UIInterfaceOrientationPortrait UIInterfaceOrientationPortraitUpsideDown UIInterfaceOrientationLandscapeLeft UIInterfaceOrientationLandscapeRight";
				INFOPLIST_KEY_UISupportedInterfaceOrientations_iPhone = "UIInterfaceOrientationPortrait UIInterfaceOrientationLandscapeLeft UIInterfaceOrientationLandscapeRight";
				LD_RUNPATH_SEARCH_PATHS = (
					"$(inherited)",
					"@executable_path/Frameworks",
				);
				MARKETING_VERSION = 1.0;
				PRODUCT_BUNDLE_IDENTIFIER = com.ritamsarmah.Inkarta;
				PRODUCT_NAME = "$(TARGET_NAME)";
				SWIFT_EMIT_LOC_STRINGS = YES;
				SWIFT_VERSION = 5.0;
				TARGETED_DEVICE_FAMILY = "1,2";
			};
			name = Debug;
		};
		35A1646B29CAC0A500FD2680 /* Release */ = {
			isa = XCBuildConfiguration;
			buildSettings = {
				ASSETCATALOG_COMPILER_APPICON_NAME = AppIcon;
				ASSETCATALOG_COMPILER_GLOBAL_ACCENT_COLOR_NAME = AccentColor;
				CODE_SIGN_STYLE = Automatic;
				CURRENT_PROJECT_VERSION = 1;
				DEVELOPMENT_ASSET_PATHS = "\"Inkarta/Preview Content\"";
				DEVELOPMENT_TEAM = XXYXWGAW9Y;
				ENABLE_PREVIEWS = YES;
				GENERATE_INFOPLIST_FILE = YES;
				INFOPLIST_FILE = Inkarta/Info.plist;
				INFOPLIST_KEY_UIApplicationSupportsIndirectInputEvents = YES;
				INFOPLIST_KEY_UILaunchScreen_Generation = YES;
				INFOPLIST_KEY_UISupportedInterfaceOrientations_iPad = "UIInterfaceOrientationPortrait UIInterfaceOrientationPortraitUpsideDown UIInterfaceOrientationLandscapeLeft UIInterfaceOrientationLandscapeRight";
				INFOPLIST_KEY_UISupportedInterfaceOrientations_iPhone = "UIInterfaceOrientationPortrait UIInterfaceOrientationLandscapeLeft UIInterfaceOrientationLandscapeRight";
				LD_RUNPATH_SEARCH_PATHS = (
					"$(inherited)",
					"@executable_path/Frameworks",
				);
				MARKETING_VERSION = 1.0;
				PRODUCT_BUNDLE_IDENTIFIER = com.ritamsarmah.Inkarta;
				PRODUCT_NAME = "$(TARGET_NAME)";
				SWIFT_EMIT_LOC_STRINGS = YES;
				SWIFT_VERSION = 5.0;
				TARGETED_DEVICE_FAMILY = "1,2";
			};
			name = Release;
		};
/* End XCBuildConfiguration section */

/* Begin XCConfigurationList section */
		35A1645629CAC0A400FD2680 /* Build configuration list for PBXProject "Inkarta" */ = {
			isa = XCConfigurationList;
			buildConfigurations = (
				35A1646729CAC0A500FD2680 /* Debug */,
				35A1646829CAC0A500FD2680 /* Release */,
			);
			defaultConfigurationIsVisible = 0;
			defaultConfigurationName = Release;
		};
		35A1646929CAC0A500FD2680 /* Build configuration list for PBXNativeTarget "Inkarta" */ = {
			isa = XCConfigurationList;
			buildConfigurations = (
				35A1646A29CAC0A500FD2680 /* Debug */,
				35A1646B29CAC0A500FD2680 /* Release */,
			);
			defaultConfigurationIsVisible = 0;
			defaultConfigurationName = Release;
		};
/* End XCConfigurationList section */
	};
	rootObject = 35A1645329CAC0A400FD2680 /* Project object */;
}
